{
  "version": 4,
  "terraform_version": "1.14.8",
  "serial": 31,
  "lineage": "23f30035-79a1-a78b-f845-cb93e715411c",
  "outputs": {
    "availability_zones": {
      "value": [
        "us-east-1c"
      ],
      "type": [
        "tuple",
        [
          "string"
        ]
      ]
    },
    "instance_ids": {
      "value": [
        "i-03caa294bafa84879"
      ],
      "type": [
        "tuple",
        [
          "string"
        ]
      ]
    },
    "private_ips": {
      "value": [
        "172.31.22.242"
      ],
      "type": [
        "tuple",
        [
          "string"
        ]
      ]
    },
    "public_dns": {
      "value": [
        "ec2-98-93-24-19.compute-1.amazonaws.com"
      ],
      "type": [
        "tuple",
        [
          "string"
        ]
      ]
    },
    "public_ips": {
      "value": [
        "98.93.24.19"
      ],
      "type": [
        "tuple",
        [
          "string"
        ]
      ]
    }
  },
  "resources": [
    {
      "mode": "managed",
      "type": "aws_instance",
      "name": "myserver",
      "provider": "provider[\"registry.terraform.io/hashicorp/aws\"]",
      "instances": [
        {
          "schema_version": 2,
          "attributes": {
            "ami": "ami-0ec10929233384c7f",
            "arn": "arn:aws:ec2:us-east-1:433249888088:instance/i-03caa294bafa84879",
            "associate_public_ip_address": true,
            "availability_zone": "us-east-1c",
            "capacity_reservation_specification": [
              {
                "capacity_reservation_preference": "open",
                "capacity_reservation_target": []
              }
            ],
            "cpu_options": [
              {
                "amd_sev_snp": "",
                "core_count": 1,
                "nested_virtualization": "",
                "threads_per_core": 2
              }
            ],
            "credit_specification": [
              {
                "cpu_credits": "unlimited"
              }
            ],
            "disable_api_stop": false,
            "disable_api_termination": false,
            "ebs_block_device": [],
            "ebs_optimized": false,
            "enable_primary_ipv6": null,
            "enclave_options": [
              {
                "enabled": false
              }
            ],
            "ephemeral_block_device": [],
            "force_destroy": false,
            "get_password_data": false,
            "hibernation": false,
            "host_id": "",
            "host_resource_group_arn": null,
            "iam_instance_profile": "",
            "id": "i-03caa294bafa84879",
            "instance_initiated_shutdown_behavior": "stop",
            "instance_lifecycle": "",
            "instance_market_options": [],
            "instance_state": "running",
            "instance_type": "t3.micro",
            "ipv6_address_count": 0,
            "ipv6_addresses": [],
            "key_name": "tfwalkthroug-01",
            "launch_template": [],
            "maintenance_options": [
              {
                "auto_recovery": "default"
              }
            ],
            "metadata_options": [
              {
                "http_endpoint": "enabled",
                "http_protocol_ipv6": "disabled",
                "http_put_response_hop_limit": 2,
                "http_tokens": "required",
                "instance_metadata_tags": "disabled"
              }
            ],
            "monitoring": false,
            "network_interface": [],
            "outpost_arn": "",
            "password_data": "",
            "placement_group": "",
            "placement_group_id": "",
            "placement_partition_number": 0,
            "primary_network_interface": [
              {
                "delete_on_termination": true,
                "network_interface_id": "eni-0ad1153b27dac9bbd"
              }
            ],
            "primary_network_interface_id": "eni-0ad1153b27dac9bbd",
            "private_dns": "ip-172-31-22-242.ec2.internal",
            "private_dns_name_options": [
              {
                "enable_resource_name_dns_a_record": false,
                "enable_resource_name_dns_aaaa_record": false,
                "hostname_type": "ip-name"
              }
            ],
            "private_ip": "172.31.22.242",
            "public_dns": "ec2-98-93-24-19.compute-1.amazonaws.com",
            "public_ip": "98.93.24.19",
            "region": "us-east-1",
            "root_block_device": [
              {
                "delete_on_termination": true,
                "device_name": "/dev/sda1",
                "encrypted": false,
                "iops": 3000,
                "kms_key_id": "",
                "tags": {},
                "tags_all": {},
                "throughput": 125,
                "volume_id": "vol-0cb37a2e5aef2cd4e",
                "volume_size": 8,
                "volume_type": "gp3"
              }
            ],
            "secondary_network_interface": [],
            "secondary_private_ips": [],
            "security_groups": [
              "web-sg"
            ],
            "source_dest_check": true,
            "spot_instance_request_id": "",
            "subnet_id": "subnet-0fbfeec69e3d5b1db",
            "tags": {
              "Name": "sample-server"
            },
            "tags_all": {
              "Name": "sample-server"
            },
            "tenancy": "default",
            "timeouts": null,
            "user_data": "#!/bin/bash\nexec \u003e /var/log/user-data.log 2\u003e\u00261\nset -x\n\napt-get update -y\napt-get install -y nginx\n\nsystemctl enable nginx\nsystemctl start nginx\n\ncat \u003c\u003cEOF \u003e /var/www/html/index.html\n\u003c!DOCTYPE html\u003e\n\u003chtml lang=\"en\"\u003e\n\u003chead\u003e\n  \u003cmeta charset=\"UTF-8\" /\u003e\n  \u003cmeta name=\"viewport\" content=\"width=device-width, initial-scale=1.0\" /\u003e\n  \u003ctitle\u003eWelcome to My Server\u003c/title\u003e\n\n  \u003cstyle\u003e\n    body {\n      margin: 0;\n      height: 100vh;\n      display: flex;\n      align-items: center;\n      justify-content: center;\n      font-family: \"Segoe UI\", Tahoma, Geneva, Verdana, sans-serif;\n      color: #ffffff;\n      background: radial-gradient(circle at top, #1b2735, #090a0f);\n      overflow: hidden;\n    }\n\n    .container {\n      text-align: center;\n      padding: 40px;\n      border-radius: 16px;\n      background: rgba(255, 255, 255, 0.05);\n      backdrop-filter: blur(12px);\n      box-shadow: 0 0 40px rgba(0, 200, 255, 0.15);\n      animation: float 6s ease-in-out infinite;\n    }\n\n    h1 {\n      font-size: 3rem;\n      margin-bottom: 10px;\n      background: linear-gradient(90deg, #00c6ff, #0072ff);\n      -webkit-background-clip: text;\n      -webkit-text-fill-color: transparent;\n    }\n\n    p {\n      font-size: 1.2rem;\n      opacity: 0.85;\n    }\n\n    .badge {\n      margin-top: 20px;\n      display: inline-block;\n      padding: 8px 14px;\n      border-radius: 999px;\n      background: rgba(0, 198, 255, 0.15);\n      border: 1px solid rgba(0, 198, 255, 0.4);\n      font-size: 0.9rem;\n      letter-spacing: 1px;\n    }\n\n    .glow {\n      position: absolute;\n      width: 400px;\n      height: 400px;\n      background: radial-gradient(circle, rgba(0,198,255,0.25), transparent 70%);\n      filter: blur(40px);\n      animation: drift 10s infinite alternate;\n    }\n\n    @keyframes float {\n      0%, 100% { transform: translateY(0px); }\n      50% { transform: translateY(-10px); }\n    }\n\n    @keyframes drift {\n      0% { transform: translate(-20%, -20%); }\n      100% { transform: translate(20%, 20%); }\n    }\n\n    footer {\n      position: absolute;\n      bottom: 20px;\n      font-size: 0.8rem;\n      opacity: 0.5;\n    }\n  \u003c/style\u003e\n\u003c/head\u003e\n\n\u003cbody\u003e\n  \u003cdiv class=\"glow\"\u003e\u003c/div\u003e\n\n  \u003cdiv class=\"container\"\u003e\n    \u003ch1\u003e🚀 Server Online\u003c/h1\u003e\n    \u003cp\u003eYour Nginx instance is running smoothly and serving content like a digital lighthouse in the cloud.\u003c/p\u003e\n    \u003cdiv class=\"badge\"\u003eSTATUS: OK • DEPLOYED • READY\u003c/div\u003e\n  \u003c/div\u003e\n\n  \u003cfooter\u003e\n    Powered by Nginx • Crafted for EC2 • ✨ Welcome to your infrastructure ✨\n  \u003c/footer\u003e\n\u003c/body\u003e\n\u003c/html\u003e\nEOF\n\nsystemctl restart nginx",
            "user_data_base64": null,
            "user_data_replace_on_change": false,
            "volume_tags": null,
            "vpc_security_group_ids": [
              "sg-0a7ae1ea830db78a6"
            ]
          },
          "sensitive_attributes": [],
          "identity_schema_version": 0,
          "identity": {
            "account_id": "433249888088",
            "id": "i-03caa294bafa84879",
            "region": "us-east-1"
          },
          "private": "eyJlMmJmYjczMC1lY2FhLTExZTYtOGY4OC0zNDM2M2JjN2M0YzAiOnsiY3JlYXRlIjo2MDAwMDAwMDAwMDAsImRlbGV0ZSI6MTIwMDAwMDAwMDAwMCwicmVhZCI6OTAwMDAwMDAwMDAwLCJ1cGRhdGUiOjYwMDAwMDAwMDAwMH0sInNjaGVtYV92ZXJzaW9uIjoiMiJ9",
          "dependencies": [
            "aws_security_group.web"
          ]
        }
      ]
    },
    {
      "mode": "managed",
      "type": "aws_security_group",
      "name": "web",
      "provider": "provider[\"registry.terraform.io/hashicorp/aws\"]",
      "instances": [
        {
          "schema_version": 1,
          "attributes": {
            "arn": "arn:aws:ec2:us-east-1:433249888088:security-group/sg-0a7ae1ea830db78a6",
            "description": "Managed by Terraform",
            "egress": [
              {
                "cidr_blocks": [
                  "0.0.0.0/0"
                ],
                "description": "",
                "from_port": 0,
                "ipv6_cidr_blocks": [],
                "prefix_list_ids": [],
                "protocol": "-1",
                "security_groups": [],
                "self": false,
                "to_port": 0
              }
            ],
            "id": "sg-0a7ae1ea830db78a6",
            "ingress": [
              {
                "cidr_blocks": [
                  "0.0.0.0/0"
                ],
                "description": "",
                "from_port": 22,
                "ipv6_cidr_blocks": [],
                "prefix_list_ids": [],
                "protocol": "tcp",
                "security_groups": [],
                "self": false,
                "to_port": 22
              },
              {
                "cidr_blocks": [
                  "0.0.0.0/0"
                ],
                "description": "",
                "from_port": 80,
                "ipv6_cidr_blocks": [],
                "prefix_list_ids": [],
                "protocol": "tcp",
                "security_groups": [],
                "self": false,
                "to_port": 80
              }
            ],
            "name": "web-sg",
            "name_prefix": "",
            "owner_id": "433249888088",
            "region": "us-east-1",
            "revoke_rules_on_delete": false,
            "tags": {},
            "tags_all": {},
            "timeouts": null,
            "vpc_id": "vpc-0f897083ffadf4eaa"
          },
          "sensitive_attributes": [],
          "identity_schema_version": 0,
          "identity": {
            "account_id": "433249888088",
            "id": "sg-0a7ae1ea830db78a6",
            "region": "us-east-1"
          },
          "private": "eyJlMmJmYjczMC1lY2FhLTExZTYtOGY4OC0zNDM2M2JjN2M0YzAiOnsiY3JlYXRlIjo2MDAwMDAwMDAwMDAsImRlbGV0ZSI6OTAwMDAwMDAwMDAwfSwic2NoZW1hX3ZlcnNpb24iOiIxIn0="
        }
      ]
    }
  ],
  "check_results": null
}
